<?xml version="1.0" encoding="utf-8"?>
<Project ToolsVersion="4.0" xmlns="http://schemas.microsoft.com/developer/msbuild/2003">
  <ItemGroup>
    <Filter Include="Source Files">
      <UniqueIdentifier>{b7fbe6e3-6546-4182-89f5-efb4fa4a0fb5}</UniqueIdentifier>
      <Extensions>cpp;c;cxx;rc;def;r;odl;idl;hpj;bat</Extensions>
    </Filter>
  </ItemGroup>
  <ItemGroup>
    <ClCompile Include="aac_in.c">
      <Filter>Source Files</Filter>
    </ClCompile>
    <ClCompile Include="faad_dec.c">
      <Filter>Source Files</Filter>
    </ClCompile>
  </ItemGroup>
  <ItemGroup>
    <CustomBuild Include="aac_in.def">
      <Filter>Source Files</Filter>
    </CustomBuild>
  </ItemGroup>
</Project>