<?xml version="1.0" encoding="utf-8"?>
<Project ToolsVersion="4.0" xmlns="http://schemas.microsoft.com/developer/msbuild/2003">
  <ItemGroup>
    <Filter Include="Source Files">
      <UniqueIdentifier>{ab6f3160-124c-44f2-b1de-f6bc938b45f7}</UniqueIdentifier>
      <Extensions>cpp;c;cxx;rc;def;r;odl;idl;hpj;bat</Extensions>
    </Filter>
    <Filter Include="Header Files">
      <UniqueIdentifier>{8850ac0e-7608-473e-9904-4da05080f5ad}</UniqueIdentifier>
      <Extensions>h;hpp;hxx;hm;inl</Extensions>
    </Filter>
    <Filter Include="Resource Files">
      <UniqueIdentifier>{e35301fa-08e2-4676-9539-8924a03aeae1}</UniqueIdentifier>
      <Extensions>ico;cur;bmp;dlg;rc2;rct;bin;rgs;gif;jpg;jpeg;jpe</Extensions>
    </Filter>
  </ItemGroup>
  <ItemGroup>
    <ClCompile Include="ogg_in.c">
      <Filter>Source Files</Filter>
    </ClCompile>
    <ClCompile Include="ogg_load.c">
      <Filter>Source Files</Filter>
    </ClCompile>
    <ClCompile Include="theora_dec.c">
      <Filter>Source Files</Filter>
    </ClCompile>
    <ClCompile Include="vorbis_dec.c">
      <Filter>Source Files</Filter>
    </ClCompile>
  </ItemGroup>
  <ItemGroup>
    <ClInclude Include="ogg_in.h">
      <Filter>Header Files</Filter>
    </ClInclude>
  </ItemGroup>
  <ItemGroup>
    <CustomBuild Include="ogg.def">
      <Filter>Source Files</Filter>
    </CustomBuild>
  </ItemGroup>
</Project>