<?xml version="1.0" encoding="utf-8"?>
<Project ToolsVersion="4.0" xmlns="http://schemas.microsoft.com/developer/msbuild/2003">
  <ItemGroup>
    <Filter Include="Source Files">
      <UniqueIdentifier>{30683281-c9ab-49dc-8eb7-882f1b7c5499}</UniqueIdentifier>
      <Extensions>cpp;c;cxx;rc;def;r;odl;idl;hpj;bat</Extensions>
    </Filter>
    <Filter Include="Header Files">
      <UniqueIdentifier>{18ba8479-63dc-483a-b934-f69e3f6613b8}</UniqueIdentifier>
      <Extensions>h;hpp;hxx;hm;inl</Extensions>
    </Filter>
    <Filter Include="Resource Files">
      <UniqueIdentifier>{c9d5860a-51e8-45af-b2bb-6f0e55abc822}</UniqueIdentifier>
      <Extensions>ico;cur;bmp;dlg;rc2;rct;bin;rgs;gif;jpg;jpeg;jpe</Extensions>
    </Filter>
  </ItemGroup>
  <ItemGroup>
    <ClCompile Include="AddressBar.cpp">
      <Filter>Source Files</Filter>
    </ClCompile>
    <ClCompile Include="ChildView.cpp">
      <Filter>Source Files</Filter>
    </ClCompile>
    <ClCompile Include="FileProps.cpp">
      <Filter>Source Files</Filter>
    </ClCompile>
    <ClCompile Include="MainFrm.cpp">
      <Filter>Source Files</Filter>
    </ClCompile>
    <ClCompile Include="OpenUrl.cpp">
      <Filter>Source Files</Filter>
    </ClCompile>
    <ClCompile Include="OptAudio.cpp">
      <Filter>Source Files</Filter>
    </ClCompile>
    <ClCompile Include="OptDecoder.cpp">
      <Filter>Source Files</Filter>
    </ClCompile>
    <ClCompile Include="OptFont.cpp">
      <Filter>Source Files</Filter>
    </ClCompile>
    <ClCompile Include="OptGen.cpp">
      <Filter>Source Files</Filter>
    </ClCompile>
    <ClCompile Include="OptHTTP.cpp">
      <Filter>Source Files</Filter>
    </ClCompile>
    <ClCompile Include="Options.cpp">
      <Filter>Source Files</Filter>
    </ClCompile>
    <ClCompile Include="OptRender.cpp">
      <Filter>Source Files</Filter>
    </ClCompile>
    <ClCompile Include="OptRender2D.cpp">
      <Filter>Source Files</Filter>
    </ClCompile>
    <ClCompile Include="OptRender3D.cpp">
      <Filter>Source Files</Filter>
    </ClCompile>
    <ClCompile Include="OptStream.cpp">
      <Filter>Source Files</Filter>
    </ClCompile>
    <ClCompile Include="OptSystems.cpp">
      <Filter>Source Files</Filter>
    </ClCompile>
    <ClCompile Include="OptVideo.cpp">
      <Filter>Source Files</Filter>
    </ClCompile>
    <ClCompile Include="Osmo4.cpp">
      <Filter>Source Files</Filter>
    </ClCompile>
    <ClCompile Include="Playlist.cpp">
      <Filter>Source Files</Filter>
    </ClCompile>
    <ClCompile Include="Sliders.cpp">
      <Filter>Source Files</Filter>
    </ClCompile>
    <ClCompile Include="StdAfx.cpp">
      <Filter>Source Files</Filter>
    </ClCompile>
  </ItemGroup>
  <ItemGroup>
    <ResourceCompile Include="Osmo4.rc">
      <Filter>Source Files</Filter>
    </ResourceCompile>
  </ItemGroup>
  <ItemGroup>
    <ClInclude Include="AddressBar.h">
      <Filter>Header Files</Filter>
    </ClInclude>
    <ClInclude Include="ChildView.h">
      <Filter>Header Files</Filter>
    </ClInclude>
    <ClInclude Include="FileProps.h">
      <Filter>Header Files</Filter>
    </ClInclude>
    <ClInclude Include="MainFrm.h">
      <Filter>Header Files</Filter>
    </ClInclude>
    <ClInclude Include="OpenUrl.h">
      <Filter>Header Files</Filter>
    </ClInclude>
    <ClInclude Include="OptAudio.h">
      <Filter>Header Files</Filter>
    </ClInclude>
    <ClInclude Include="OptDecoder.h">
      <Filter>Header Files</Filter>
    </ClInclude>
    <ClInclude Include="OptFont.h">
      <Filter>Header Files</Filter>
    </ClInclude>
    <ClInclude Include="OptGen.h">
      <Filter>Header Files</Filter>
    </ClInclude>
    <ClInclude Include="OptHTTP.h">
      <Filter>Header Files</Filter>
    </ClInclude>
    <ClInclude Include="Options.h">
      <Filter>Header Files</Filter>
    </ClInclude>
    <ClInclude Include="OptRender.h">
      <Filter>Header Files</Filter>
    </ClInclude>
    <ClInclude Include="OptRender2D.h">
      <Filter>Header Files</Filter>
    </ClInclude>
    <ClInclude Include="OptRender3D.h">
      <Filter>Header Files</Filter>
    </ClInclude>
    <ClInclude Include="OptStream.h">
      <Filter>Header Files</Filter>
    </ClInclude>
    <ClInclude Include="OptSystems.h">
      <Filter>Header Files</Filter>
    </ClInclude>
    <ClInclude Include="OptVideo.h">
      <Filter>Header Files</Filter>
    </ClInclude>
    <ClInclude Include="Osmo4.h">
      <Filter>Header Files</Filter>
    </ClInclude>
    <ClInclude Include="Playlist.h">
      <Filter>Header Files</Filter>
    </ClInclude>
    <ClInclude Include="Resource.h">
      <Filter>Header Files</Filter>
    </ClInclude>
    <ClInclude Include="Sliders.h">
      <Filter>Header Files</Filter>
    </ClInclude>
    <ClInclude Include="StdAfx.h">
      <Filter>Header Files</Filter>
    </ClInclude>
  </ItemGroup>
  <ItemGroup>
    <Image Include="res\error.ico">
      <Filter>Resource Files</Filter>
    </Image>
    <Image Include="res\maintool.bmp">
      <Filter>Resource Files</Filter>
    </Image>
    <Image Include="res\message.ico">
      <Filter>Resource Files</Filter>
    </Image>
    <Image Include="res\Osmo4.ico">
      <Filter>Resource Files</Filter>
    </Image>
    <Image Include="res\pause.ico">
      <Filter>Resource Files</Filter>
    </Image>
    <Image Include="res\play.ico">
      <Filter>Resource Files</Filter>
    </Image>
    <Image Include="res\playlist.bmp">
      <Filter>Resource Files</Filter>
    </Image>
    <Image Include="res\stop.ico">
      <Filter>Resource Files</Filter>
    </Image>
  </ItemGroup>
  <ItemGroup>
    <CustomBuild Include="res\Osmo4.rc2">
      <Filter>Resource Files</Filter>
    </CustomBuild>
  </ItemGroup>
</Project>