<?xml version="1.0" encoding="utf-8"?>
<Project ToolsVersion="4.0" xmlns="http://schemas.microsoft.com/developer/msbuild/2003">
  <ItemGroup>
    <Filter Include="Source Files">
      <UniqueIdentifier>{4ce647c7-6dbc-4e49-bdf5-e5cbffa84cdd}</UniqueIdentifier>
      <Extensions>cpp;c;cxx;rc;def;r;odl;idl;hpj;bat</Extensions>
    </Filter>
    <Filter Include="Header Files">
      <UniqueIdentifier>{45062378-80cf-4158-9cde-947b3f3a2f7f}</UniqueIdentifier>
      <Extensions>h;hpp;hxx;hm;inl</Extensions>
    </Filter>
  </ItemGroup>
  <ItemGroup>
    <ClCompile Include="bmp_dec.c">
      <Filter>Source Files</Filter>
    </ClCompile>
    <ClCompile Include="img_dec.c">
      <Filter>Source Files</Filter>
    </ClCompile>
    <ClCompile Include="img_in.c">
      <Filter>Source Files</Filter>
    </ClCompile>
    <ClCompile Include="jpeg_dec.c">
      <Filter>Source Files</Filter>
    </ClCompile>
    <ClCompile Include="png_dec.c">
      <Filter>Source Files</Filter>
    </ClCompile>
  </ItemGroup>
  <ItemGroup>
    <ClInclude Include="img_in.h">
      <Filter>Header Files</Filter>
    </ClInclude>
  </ItemGroup>
  <ItemGroup>
    <CustomBuild Include="img_in.def">
      <Filter>Source Files</Filter>
    </CustomBuild>
  </ItemGroup>
</Project>