<?xml version="1.0" encoding="utf-8"?>
<Project ToolsVersion="4.0" xmlns="http://schemas.microsoft.com/developer/msbuild/2003">
  <ItemGroup>
    <Filter Include="Source Files">
      <UniqueIdentifier>{a6a72d6e-c4ae-4ba3-b39b-2cbb3618f275}</UniqueIdentifier>
      <Extensions>cpp;c;cxx;rc;def;r;odl;idl;hpj;bat</Extensions>
    </Filter>
    <Filter Include="Header Files">
      <UniqueIdentifier>{4a2b8ec8-7410-458e-903b-407cd5a5f11c}</UniqueIdentifier>
      <Extensions>h;hpp;hxx;hm;inl</Extensions>
    </Filter>
  </ItemGroup>
  <ItemGroup>
    <ClCompile Include="ftgrays.c">
      <Filter>Source Files</Filter>
    </ClCompile>
    <ClCompile Include="m4_load.c">
      <Filter>Source Files</Filter>
    </ClCompile>
    <ClCompile Include="m4_raster_565.c">
      <Filter>Source Files</Filter>
    </ClCompile>
    <ClCompile Include="m4_raster_argb.c">
      <Filter>Source Files</Filter>
    </ClCompile>
    <ClCompile Include="m4_raster_rgb.c">
      <Filter>Source Files</Filter>
    </ClCompile>
    <ClCompile Include="m4_stencil.c">
      <Filter>Source Files</Filter>
    </ClCompile>
    <ClCompile Include="m4_surface.c">
      <Filter>Source Files</Filter>
    </ClCompile>
  </ItemGroup>
  <ItemGroup>
    <ClInclude Include="ftgrays.h">
      <Filter>Header Files</Filter>
    </ClInclude>
    <ClInclude Include="ftheader.h">
      <Filter>Header Files</Filter>
    </ClInclude>
    <ClInclude Include="ftimage.h">
      <Filter>Header Files</Filter>
    </ClInclude>
    <ClInclude Include="ftoutln.h">
      <Filter>Header Files</Filter>
    </ClInclude>
    <ClInclude Include="ftsmerrs.h">
      <Filter>Header Files</Filter>
    </ClInclude>
    <ClInclude Include="m4_priv.h">
      <Filter>Header Files</Filter>
    </ClInclude>
  </ItemGroup>
  <ItemGroup>
    <CustomBuild Include="m4_rend.def">
      <Filter>Source Files</Filter>
    </CustomBuild>
  </ItemGroup>
</Project>